// !$*UTF8*$!
{
	archiveVersion = 1;
	classes = {
	};
	objectVersion = 55;
	objects = {

/* Begin PBXBuildFile section */
		63857224C2367B51A41748C5 /* Pods_ServerSocket.framework in Frameworks */ = {isa = PBXBuildFile; fileRef = DEABA40BB5519879E4001114 /* Pods_ServerSocket.framework */; };
		937EA5462824C25800204D29 /* AppDelegate.m in Sources */ = {isa = PBXBuildFile; fileRef = 937EA5452824C25800204D29 /* AppDelegate.m */; };
		937EA5492824C25800204D29 /* SceneDelegate.m in Sources */ = {isa = PBXBuildFile; fileRef = 937EA5482824C25800204D29 /* SceneDelegate.m */; };
		937EA54C2824C25800204D29 /* ViewController.m in Sources */ = {isa = PBXBuildFile; fileRef = 937EA54B2824C25800204D29 /* ViewController.m */; };
		937EA54F2824C25800204D29 /* Main.storyboard in Resources */ = {isa = PBXBuildFile; fileRef = 937EA54D2824C25800204D29 /* Main.storyboard */; };
		937EA5512824C25A00204D29 /* Assets.xcassets in Resources */ = {isa = PBXBuildFile; fileRef = 937EA5502824C25A00204D29 /* Assets.xcassets */; };
		937EA5542824C25A00204D29 /* LaunchScreen.storyboard in Resources */ = {isa = PBXBuildFile; fileRef = 937EA5522824C25A00204D29 /* LaunchScreen.storyboard */; };
		937EA5572824C25A00204D29 /* main.m in Sources */ = {isa = PBXBuildFile; fileRef = 937EA5562824C25A00204D29 /* main.m */; };
/* End PBXBuildFile section */

/* Begin PBXFileReference section */
		5624D1E5DCD6EF9099D690A8 /* Pods-ServerSocket.release.xcconfig */ = {isa = PBXFileReference; includeInIndex = 1; lastKnownFileType = text.xcconfig; name = "Pods-ServerSocket.release.xcconfig"; path = "Target Support Files/Pods-ServerSocket/Pods-ServerSocket.release.xcconfig"; sourceTree = "<group>"; };
		937EA5412824C25800204D29 /* ServerSocket.app */ = {isa = PBXFileReference; explicitFileType = wrapper.application; includeInIndex = 0; path = ServerSocket.app; sourceTree = BUILT_PRODUCTS_DIR; };
		937EA5442824C25800204D29 /* AppDelegate.h */ = {isa = PBXFileReference; lastKnownFileType = sourcecode.c.h; path = AppDelegate.h; sourceTree = "<group>"; };
		937EA5452824C25800204D29 /* AppDelegate.m */ = {isa = PBXFileReference; lastKnownFileType = sourcecode.c.objc; path = AppDelegate.m; sourceTree = "<group>"; };
		937EA5472824C25800204D29 /* SceneDelegate.h */ = {isa = PBXFileReference; lastKnownFileType = sourcecode.c.h; path = SceneDelegate.h; sourceTree = "<group>"; };
		937EA5482824C25800204D29 /* SceneDelegate.m */ = {isa = PBXFileReference; lastKnownFileType = sourcecode.c.objc; path = SceneDelegate.m; sourceTree = "<group>"; };
		937EA54A2824C25800204D29 /* ViewController.h */ = {isa = PBXFileReference; lastKnownFileType = sourcecode.c.h; path = ViewController.h; sourceTree = "<group>"; };
		937EA54B2824C25800204D29 /* ViewController.m */ = {isa = PBXFileReference; lastKnownFileType = sourcecode.c.objc; path = ViewController.m; sourceTree = "<group>"; };
		937EA54E2824C25800204D29 /* Base */ = {isa = PBXFileReference; lastKnownFileType = file.storyboard; name = Base; path = Base.lproj/Main.storyboard; sourceTree = "<group>"; };
		937EA5502824C25A00204D29 /* Assets.xcassets */ = {isa = PBXFileReference; lastKnownFileType = folder.assetcatalog; path = Assets.xcassets; sourceTree = "<group>"; };
		937EA5532824C25A00204D29 /* Base */ = {isa = PBXFileReference; lastKnownFileType = file.storyboard; name = Base; path = Base.lproj/LaunchScreen.storyboard; sourceTree = "<group>"; };
		937EA5552824C25A00204D29 /* Info.plist */ = {isa = PBXFileReference; lastKnownFileType = text.plist.xml; path = Info.plist; sourceTree = "<group>"; };
		937EA5562824C25A00204D29 /* main.m */ = {isa = PBXFileReference; lastKnownFileType = sourcecode.c.objc; path = main.m; sourceTree = "<group>"; };
		DEABA40BB5519879E4001114 /* Pods_ServerSocket.framework */ = {isa = PBXFileReference; explicitFileType = wrapper.framework; includeInIndex = 0; path = Pods_ServerSocket.framework; sourceTree = BUILT_PRODUCTS_DIR; };
		F2EDF6666BD478B4A7A876C7 /* Pods-ServerSocket.debug.xcconfig */ = {isa = PBXFileReference; includeInIndex = 1; lastKnownFileType = text.xcconfig; name = "Pods-ServerSocket.debug.xcconfig"; path = "Target Support Files/Pods-ServerSocket/Pods-ServerSocket.debug.xcconfig"; sourceTree = "<group>"; };
/* End PBXFileReference section */

/* Begin PBXFrameworksBuildPhase section */
		937EA53E2824C25800204D29 /* Frameworks */ = {
			isa = PBXFrameworksBuildPhase;
			buildActionMask = 2147483647;
			files = (
				63857224C2367B51A41748C5 /* Pods_ServerSocket.framework in Frameworks */,
			);
			runOnlyForDeploymentPostprocessing = 0;
		};
/* End PBXFrameworksBuildPhase section */

/* Begin PBXGroup section */
		223B0D417868A6805DABBB4D /* Frameworks */ = {
			isa = PBXGroup;
			children = (
				DEABA40BB5519879E4001114 /* Pods_ServerSocket.framework */,
			);
			name = Frameworks;
			sourceTree = "<group>";
		};
		937EA5382824C25800204D29 = {
			isa = PBXGroup;
			children = (
				937EA5432824C25800204D29 /* ServerSocket */,
				937EA5422824C25800204D29 /* Products */,
				A38F61B760C53AB38AA6652B /* Pods */,
				223B0D417868A6805DABBB4D /* Frameworks */,
			);
			sourceTree = "<group>";
		};
		937EA5422824C25800204D29 /* Products */ = {
			isa = PBXGroup;
			children = (
				937EA5412824C25800204D29 /* ServerSocket.app */,
			);
			name = Products;
			sourceTree = "<group>";
		};
		937EA5432824C25800204D29 /* ServerSocket */ = {
			isa = PBXGroup;
			children = (
				937EA5442824C25800204D29 /* AppDelegate.h */,
				937EA5452824C25800204D29 /* AppDelegate.m */,
				937EA5472824C25800204D29 /* SceneDelegate.h */,
				937EA5482824C25800204D29 /* SceneDelegate.m */,
				937EA54A2824C25800204D29 /* ViewController.h */,
				937EA54B2824C25800204D29 /* ViewController.m */,
				937EA54D2824C25800204D29 /* Main.storyboard */,
				937EA5502824C25A00204D29 /* Assets.xcassets */,
				937EA5522824C25A00204D29 /* LaunchScreen.storyboard */,
				937EA5552824C25A00204D29 /* Info.plist */,
				937EA5562824C25A00204D29 /* main.m */,
			);
			path = ServerSocket;
			sourceTree = "<group>";
		};
		A38F61B760C53AB38AA6652B /* Pods */ = {
			isa = PBXGroup;
			children = (
				F2EDF6666BD478B4A7A876C7 /* Pods-ServerSocket.debug.xcconfig */,
				5624D1E5DCD6EF9099D690A8 /* Pods-ServerSocket.release.xcconfig */,
			);
			name = Pods;
			path = Pods;
			sourceTree = "<group>";
		};
/* End PBXGroup section */

/* Begin PBXNativeTarget section */
		937EA5402824C25800204D29 /* ServerSocket */ = {
			isa = PBXNativeTarget;
			buildConfigurationList = 937EA55A2824C25A00204D29 /* Build configuration list for PBXNativeTarget "ServerSocket" */;
			buildPhases = (
				60FEE645CD035731DE5E3BD8 /* [CP] Check Pods Manifest.lock */,
				937EA53D2824C25800204D29 /* Sources */,
				937EA53E2824C25800204D29 /* Frameworks */,
				937EA53F2824C25800204D29 /* Resources */,
				E9DE9A786C24D951915F44F9 /* [CP] Embed Pods Frameworks */,
			);
			buildRules = (
			);
			dependencies = (
			);
			name = ServerSocket;
			productName = ServerSocket;
			productReference = 937EA5412824C25800204D29 /* ServerSocket.app */;
			productType = "com.apple.product-type.application";
		};
/* End PBXNativeTarget section */

/* Begin PBXProject section */
		937EA5392824C25800204D29 /* Project object */ = {
			isa = PBXProject;
			attributes = {
				BuildIndependentTargetsInParallel = 1;
				LastUpgradeCheck = 1320;
				TargetAttributes = {
					937EA5402824C25800204D29 = {
						CreatedOnToolsVersion = 13.2.1;
					};
				};
			};
			buildConfigurationList = 937EA53C2824C25800204D29 /* Build configuration list for PBXProject "ServerSocket" */;
			compatibilityVersion = "Xcode 13.0";
			developmentRegion = en;
			hasScannedForEncodings = 0;
			knownRegions = (
				en,
				Base,
			);
			mainGroup = 937EA5382824C25800204D29;
			productRefGroup = 937EA5422824C25800204D29 /* Products */;
			projectDirPath = "";
			projectRoot = "";
			targets = (
				937EA5402824C25800204D29 /* ServerSocket */,
			);
		};
/* End PBXProject section */

/* Begin PBXResourcesBuildPhase section */
		937EA53F2824C25800204D29 /* Resources */ = {
			isa = PBXResourcesBuildPhase;
			buildActionMask = 2147483647;
			files = (
				937EA5542824C25A00204D29 /* LaunchScreen.storyboard in Resources */,
				937EA5512824C25A00204D29 /* Assets.xcassets in Resources */,
				937EA54F2824C25800204D29 /* Main.storyboard in Resources */,
			);
			runOnlyForDeploymentPostprocessing = 0;
		};
/* End PBXResourcesBuildPhase section */

/* Begin PBXShellScriptBuildPhase section */
		60FEE645CD035731DE5E3BD8 /* [CP] Check Pods Manifest.lock */ = {
			isa = PBXShellScriptBuildPhase;
			buildActionMask = 2147483647;
			files = (
			);
			inputFileListPaths = (
			);
			inputPaths = (
				"${PODS_PODFILE_DIR_PATH}/Podfile.lock",
				"${PODS_ROOT}/Manifest.lock",
			);
			name = "[CP] Check Pods Manifest.lock";
			outputFileListPaths = (
			);
			outputPaths = (
				"$(DERIVED_FILE_DIR)/Pods-ServerSocket-checkManifestLockResult.txt",
			);
			runOnlyForDeploymentPostprocessing = 0;
			shellPath = /bin/sh;
			shellScript = "diff \"${PODS_PODFILE_DIR_PATH}/Podfile.lock\" \"${PODS_ROOT}/Manifest.lock\" > /dev/null\nif [ $? != 0 ] ; then\n    # print error to STDERR\n    echo \"error: The sandbox is not in sync with the Podfile.lock. Run 'pod install' or update your CocoaPods installation.\" >&2\n    exit 1\nfi\n# This output is used by Xcode 'outputs' to avoid re-running this script phase.\necho \"SUCCESS\" > \"${SCRIPT_OUTPUT_FILE_0}\"\n";
			showEnvVarsInLog = 0;
		};
		E9DE9A786C24D951915F44F9 /* [CP] Embed Pods Frameworks */ = {
			isa = PBXShellScriptBuildPhase;
			buildActionMask = 2147483647;
			files = (
			);
			inputFileListPaths = (
				"${PODS_ROOT}/Target Support Files/Pods-ServerSocket/Pods-ServerSocket-frameworks-${CONFIGURATION}-input-files.xcfilelist",
			);
			name = "[CP] Embed Pods Frameworks";
			outputFileListPaths = (
				"${PODS_ROOT}/Target Support Files/Pods-ServerSocket/Pods-ServerSocket-frameworks-${CONFIGURATION}-output-files.xcfilelist",
			);
			runOnlyForDeploymentPostprocessing = 0;
			shellPath = /bin/sh;
			shellScript = "\"${PODS_ROOT}/Target Support Files/Pods-ServerSocket/Pods-ServerSocket-frameworks.sh\"\n";
			showEnvVarsInLog = 0;
		};
/* End PBXShellScriptBuildPhase section */

/* Begin PBXSourcesBuildPhase section */
		937EA53D2824C25800204D29 /* Sources */ = {
			isa = PBXSourcesBuildPhase;
			buildActionMask = 2147483647;
			files = (
				937EA54C2824C25800204D29 /* ViewController.m in Sources */,
				937EA5462824C25800204D29 /* AppDelegate.m in Sources */,
				937EA5572824C25A00204D29 /* main.m in Sources */,
				937EA5492824C25800204D29 /* SceneDelegate.m in Sources */,
			);
			runOnlyForDeploymentPostprocessing = 0;
		};
/* End PBXSourcesBuildPhase section */

/* Begin PBXVariantGroup section */
		937EA54D2824C25800204D29 /* Main.storyboard */ = {
			isa = PBXVariantGroup;
			children = (
				937EA54E2824C25800204D29 /* Base */,
			);
			name = Main.storyboard;
			sourceTree = "<group>";
		};
		937EA5522824C25A00204D29 /* LaunchScreen.storyboard */ = {
			isa = PBXVariantGroup;
			children = (
				937EA5532824C25A00204D29 /* Base */,
			);
			name = LaunchScreen.storyboard;
			sourceTree = "<group>";
		};
/* End PBXVariantGroup section */

/* Begin XCBuildConfiguration section */
		937EA5582824C25A00204D29 /* Debug */ = {
			isa = XCBuildConfiguration;
			buildSettings = {
				ALWAYS_SEARCH_USER_PATHS = NO;
				CLANG_ANALYZER_NONNULL = YES;
				CLANG_ANALYZER_NUMBER_OBJECT_CONVERSION = YES_AGGRESSIVE;
				CLANG_CXX_LANGUAGE_STANDARD = "gnu++17";
				CLANG_CXX_LIBRARY = "libc++";
				CLANG_ENABLE_MODULES = YES;
				CLANG_ENABLE_OBJC_ARC = YES;
				CLANG_ENABLE_OBJC_WEAK = YES;
				CLANG_WARN_BLOCK_CAPTURE_AUTORELEASING = YES;
				CLANG_WARN_BOOL_CONVERSION = YES;
				CLANG_WARN_COMMA = YES;
				CLANG_WARN_CONSTANT_CONVERSION = YES;
				CLANG_WARN_DEPRECATED_OBJC_IMPLEMENTATIONS = YES;
				CLANG_WARN_DIRECT_OBJC_ISA_USAGE = YES_ERROR;
				CLANG_WARN_DOCUMENTATION_COMMENTS = YES;
				CLANG_WARN_EMPTY_BODY = YES;
				CLANG_WARN_ENUM_CONVERSION = YES;
				CLANG_WARN_INFINITE_RECURSION = YES;
				CLANG_WARN_INT_CONVERSION = YES;
				CLANG_WARN_NON_LITERAL_NULL_CONVERSION = YES;
				CLANG_WARN_OBJC_IMPLICIT_RETAIN_SELF = YES;
				CLANG_WARN_OBJC_LITERAL_CONVERSION = YES;
				CLANG_WARN_OBJC_ROOT_CLASS = YES_ERROR;
				CLANG_WARN_QUOTED_INCLUDE_IN_FRAMEWORK_HEADER = YES;
				CLANG_WARN_RANGE_LOOP_ANALYSIS = YES;
				CLANG_WARN_STRICT_PROTOTYPES = YES;
				CLANG_WARN_SUSPICIOUS_MOVE = YES;
				CLANG_WARN_UNGUARDED_AVAILABILITY = YES_AGGRESSIVE;
				CLANG_WARN_UNREACHABLE_CODE = YES;
				CLANG_WARN__DUPLICATE_METHOD_MATCH = YES;
				COPY_PHASE_STRIP = NO;
				DEBUG_INFORMATION_FORMAT = dwarf;
				ENABLE_STRICT_OBJC_MSGSEND = YES;
				ENABLE_TESTABILITY = YES;
				GCC_C_LANGUAGE_STANDARD = gnu11;
				GCC_DYNAMIC_NO_PIC = NO;
				GCC_NO_COMMON_BLOCKS = YES;
				GCC_OPTIMIZATION_LEVEL = 0;
				GCC_PREPROCESSOR_DEFINITIONS = (
					"DEBUG=1",
					"$(inherited)",
				);
				GCC_WARN_64_TO_32_BIT_CONVERSION = YES;
				GCC_WARN_ABOUT_RETURN_TYPE = YES_ERROR;
				GCC_WARN_UNDECLARED_SELECTOR = YES;
				GCC_WARN_UNINITIALIZED_AUTOS = YES_AGGRESSIVE;
				GCC_WARN_UNUSED_FUNCTION = YES;
				GCC_WARN_UNUSED_VARIABLE = YES;
				IPHONEOS_DEPLOYMENT_TARGET = 15.2;
				MTL_ENABLE_DEBUG_INFO = INCLUDE_SOURCE;
				MTL_FAST_MATH = YES;
				ONLY_ACTIVE_ARCH = YES;
				SDKROOT = iphoneos;
			};
			name = Debug;
		};
		937EA5592824C25A00204D29 /* Release */ = {
			isa = XCBuildConfiguration;
			buildSettings = {
				ALWAYS_SEARCH_USER_PATHS = NO;
				CLANG_ANALYZER_NONNULL = YES;
				CLANG_ANALYZER_NUMBER_OBJECT_CONVERSION = YES_AGGRESSIVE;
				CLANG_CXX_LANGUAGE_STANDARD = "gnu++17";
				CLANG_CXX_LIBRARY = "libc++";
				CLANG_ENABLE_MODULES = YES;
				CLANG_ENABLE_OBJC_ARC = YES;
				CLANG_ENABLE_OBJC_WEAK = YES;
				CLANG_WARN_BLOCK_CAPTURE_AUTORELEASING = YES;
				CLANG_WARN_BOOL_CONVERSION = YES;
				CLANG_WARN_COMMA = YES;
				CLANG_WARN_CONSTANT_CONVERSION = YES;
				CLANG_WARN_DEPRECATED_OBJC_IMPLEMENTATIONS = YES;
				CLANG_WARN_DIRECT_OBJC_ISA_USAGE = YES_ERROR;
				CLANG_WARN_DOCUMENTATION_COMMENTS = YES;
				CLANG_WARN_EMPTY_BODY = YES;
				CLANG_WARN_ENUM_CONVERSION = YES;
				CLANG_WARN_INFINITE_RECURSION = YES;
				CLANG_WARN_INT_CONVERSION = YES;
				CLANG_WARN_NON_LITERAL_NULL_CONVERSION = YES;
				CLANG_WARN_OBJC_IMPLICIT_RETAIN_SELF = YES;
				CLANG_WARN_OBJC_LITERAL_CONVERSION = YES;
				CLANG_WARN_OBJC_ROOT_CLASS = YES_ERROR;
				CLANG_WARN_QUOTED_INCLUDE_IN_FRAMEWORK_HEADER = YES;
				CLANG_WARN_RANGE_LOOP_ANALYSIS = YES;
				CLANG_WARN_STRICT_PROTOTYPES = YES;
				CLANG_WARN_SUSPICIOUS_MOVE = YES;
				CLANG_WARN_UNGUARDED_AVAILABILITY = YES_AGGRESSIVE;
				CLANG_WARN_UNREACHABLE_CODE = YES;
				CLANG_WARN__DUPLICATE_METHOD_MATCH = YES;
				COPY_PHASE_STRIP = NO;
				DEBUG_INFORMATION_FORMAT = "dwarf-with-dsym";
				ENABLE_NS_ASSERTIONS = NO;
				ENABLE_STRICT_OBJC_MSGSEND = YES;
				GCC_C_LANGUAGE_STANDARD = gnu11;
				GCC_NO_COMMON_BLOCKS = YES;
				GCC_WARN_64_TO_32_BIT_CONVERSION = YES;
				GCC_WARN_ABOUT_RETURN_TYPE = YES_ERROR;
				GCC_WARN_UNDECLARED_SELECTOR = YES;
				GCC_WARN_UNINITIALIZED_AUTOS = YES_AGGRESSIVE;
				GCC_WARN_UNUSED_FUNCTION = YES;
				GCC_WARN_UNUSED_VARIABLE = YES;
				IPHONEOS_DEPLOYMENT_TARGET = 15.2;
				MTL_ENABLE_DEBUG_INFO = NO;
				MTL_FAST_MATH = YES;
				SDKROOT = iphoneos;
				VALIDATE_PRODUCT = YES;
			};
			name = Release;
		};
		937EA55B2824C25A00204D29 /* Debug */ = {
			isa = XCBuildConfiguration;
			baseConfigurationReference = F2EDF6666BD478B4A7A876C7 /* Pods-ServerSocket.debug.xcconfig */;
			buildSettings = {
				ASSETCATALOG_COMPILER_APPICON_NAME = AppIcon;
				ASSETCATALOG_COMPILER_GLOBAL_ACCENT_COLOR_NAME = AccentColor;
				CODE_SIGN_STYLE = Automatic;
				CURRENT_PROJECT_VERSION = 1;
				DEVELOPMENT_TEAM = PM4B9EWD95;
				GENERATE_INFOPLIST_FILE = YES;
				INFOPLIST_FILE = ServerSocket/Info.plist;
				INFOPLIST_KEY_UIApplicationSupportsIndirectInputEvents = YES;
				INFOPLIST_KEY_UILaunchStoryboardName = LaunchScreen;
				INFOPLIST_KEY_UIMainStoryboardFile = Main;
				INFOPLIST_KEY_UISupportedInterfaceOrientations_iPad = "UIInterfaceOrientationPortrait UIInterfaceOrientationPortraitUpsideDown UIInterfaceOrientationLandscapeLeft UIInterfaceOrientationLandscapeRight";
				INFOPLIST_KEY_UISupportedInterfaceOrientations_iPhone = "UIInterfaceOrientationPortrait UIInterfaceOrientationLandscapeLeft UIInterfaceOrientationLandscapeRight";
				IPHONEOS_DEPLOYMENT_TARGET = 13.0;
				LD_RUNPATH_SEARCH_PATHS = (
					"$(inherited)",
					"@executable_path/Frameworks",
				);
				MARKETING_VERSION = 1.0;
				PRODUCT_BUNDLE_IDENTIFIER = com.imefuture.ServerSocket;
				PRODUCT_NAME = "$(TARGET_NAME)";
				SWIFT_EMIT_LOC_STRINGS = YES;
				TARGETED_DEVICE_FAMILY = "1,2";
			};
			name = Debug;
		};
		937EA55C2824C25A00204D29 /* Release */ = {
			isa = XCBuildConfiguration;
			baseConfigurationReference = 5624D1E5DCD6EF9099D690A8 /* Pods-ServerSocket.release.xcconfig */;
			buildSettings = {
				ASSETCATALOG_COMPILER_APPICON_NAME = AppIcon;
				ASSETCATALOG_COMPILER_GLOBAL_ACCENT_COLOR_NAME = AccentColor;
				CODE_SIGN_STYLE = Automatic;
				CURRENT_PROJECT_VERSION = 1;
				DEVELOPMENT_TEAM = PM4B9EWD95;
				GENERATE_INFOPLIST_FILE = YES;
				INFOPLIST_FILE = ServerSocket/Info.plist;
				INFOPLIST_KEY_UIApplicationSupportsIndirectInputEvents = YES;
				INFOPLIST_KEY_UILaunchStoryboardName = LaunchScreen;
				INFOPLIST_KEY_UIMainStoryboardFile = Main;
				INFOPLIST_KEY_UISupportedInterfaceOrientations_iPad = "UIInterfaceOrientationPortrait UIInterfaceOrientationPortraitUpsideDown UIInterfaceOrientationLandscapeLeft UIInterfaceOrientationLandscapeRight";
				INFOPLIST_KEY_UISupportedInterfaceOrientations_iPhone = "UIInterfaceOrientationPortrait UIInterfaceOrientationLandscapeLeft UIInterfaceOrientationLandscapeRight";
				IPHONEOS_DEPLOYMENT_TARGET = 13.0;
				LD_RUNPATH_SEARCH_PATHS = (
					"$(inherited)",
					"@executable_path/Frameworks",
				);
				MARKETING_VERSION = 1.0;
				PRODUCT_BUNDLE_IDENTIFIER = com.imefuture.ServerSocket;
				PRODUCT_NAME = "$(TARGET_NAME)";
				SWIFT_EMIT_LOC_STRINGS = YES;
				TARGETED_DEVICE_FAMILY = "1,2";
			};
			name = Release;
		};
/* End XCBuildConfiguration section */

/* Begin XCConfigurationList section */
		937EA53C2824C25800204D29 /* Build configuration list for PBXProject "ServerSocket" */ = {
			isa = XCConfigurationList;
			buildConfigurations = (
				937EA5582824C25A00204D29 /* Debug */,
				937EA5592824C25A00204D29 /* Release */,
			);
			defaultConfigurationIsVisible = 0;
			defaultConfigurationName = Release;
		};
		937EA55A2824C25A00204D29 /* Build configuration list for PBXNativeTarget "ServerSocket" */ = {
			isa = XCConfigurationList;
			buildConfigurations = (
				937EA55B2824C25A00204D29 /* Debug */,
				937EA55C2824C25A00204D29 /* Release */,
			);
			defaultConfigurationIsVisible = 0;
			defaultConfigurationName = Release;
		};
/* End XCConfigurationList section */
	};
	rootObject = 937EA5392824C25800204D29 /* Project object */;
}
